{
  "lockfileVersion": 1,
  "configVersion": 1,
  "workspaces": {
    "": {
      "name": "skriuw",
      "devDependencies": {
        "@remcostoeten/dev-menu": "^0.2.2",
      },
    },
  },
  "packages": {
    "@remcostoeten/dev-menu": ["@remcostoeten/dev-menu@0.2.2", "", { "dependencies": { "jiti": "^2.7.0" }, "bin": { "dev-menu": "bin/dev-menu.mjs" } }, "sha512-Qbk8GoYKsePYChAjUvU0FFg9EEldLbJv/HruO3P/PYiHmHfikU199rmfjz72MfVBVo5W7W0W8Iw+1FuqTtkqCQ=="],

    "jiti": ["jiti@2.7.0", "", { "bin": { "jiti": "lib/jiti-cli.mjs" } }, "sha512-AC/7JofJvZGrrneWNaEnJeOLUx+JlGt7tNa0wZiRPT4MY1wmfKjt2+6O2p2uz2+skll8OZZmJMNqeke7kKbNgQ=="],
  }
}
